// !$*UTF8*$!
{
	archiveVersion = 1;
	classes = {
	};
	objectVersion = 56;
	objects = {

/* Begin PBXBuildFile section */
		357418FC2C0E2772006E6E55 /* BarCode_ScannerApp.swift in Sources */ = {isa = PBXBuildFile; fileRef = 357418FB2C0E2772006E6E55 /* BarCode_ScannerApp.swift */; };
		357418FE2C0E2772006E6E55 /* BarcodeScannerView.swift in Sources */ = {isa = PBXBuildFile; fileRef = 357418FD2C0E2772006E6E55 /* BarcodeScannerView.swift */; };
		357419002C0E2774006E6E55 /* Assets.xcassets in Resources */ = {isa = PBXBuildFile; fileRef = 357418FF2C0E2774006E6E55 /* Assets.xcassets */; };
		357419032C0E2774006E6E55 /* Preview Assets.xcassets in Resources */ = {isa = PBXBuildFile; fileRef = 357419022C0E2774006E6E55 /* Preview Assets.xcassets */; };
		3574190A2C0E302C006E6E55 /* ScannerVC.swift in Sources */ = {isa = PBXBuildFile; fileRef = 357419092C0E302C006E6E55 /* ScannerVC.swift */; };
		3574190C2C0E37AB006E6E55 /* ScannerView.swift in Sources */ = {isa = PBXBuildFile; fileRef = 3574190B2C0E37AB006E6E55 /* ScannerView.swift */; };
		3574190E2C0EC315006E6E55 /* Alert.swift in Sources */ = {isa = PBXBuildFile; fileRef = 3574190D2C0EC315006E6E55 /* Alert.swift */; };
		357419102C0EC3A8006E6E55 /* BarcodeScannerViewModel.swift in Sources */ = {isa = PBXBuildFile; fileRef = 3574190F2C0EC3A8006E6E55 /* BarcodeScannerViewModel.swift */; };
/* End PBXBuildFile section */

/* Begin PBXFileReference section */
		357418F82C0E2772006E6E55 /* BarCode-Scanner.app */ = {isa = PBXFileReference; explicitFileType = wrapper.application; includeInIndex = 0; path = "BarCode-Scanner.app"; sourceTree = BUILT_PRODUCTS_DIR; };
		357418FB2C0E2772006E6E55 /* BarCode_ScannerApp.swift */ = {isa = PBXFileReference; lastKnownFileType = sourcecode.swift; path = BarCode_ScannerApp.swift; sourceTree = "<group>"; };
		357418FD2C0E2772006E6E55 /* BarcodeScannerView.swift */ = {isa = PBXFileReference; lastKnownFileType = sourcecode.swift; path = BarcodeScannerView.swift; sourceTree = "<group>"; };
		357418FF2C0E2774006E6E55 /* Assets.xcassets */ = {isa = PBXFileReference; lastKnownFileType = folder.assetcatalog; path = Assets.xcassets; sourceTree = "<group>"; };
		357419022C0E2774006E6E55 /* Preview Assets.xcassets */ = {isa = PBXFileReference; lastKnownFileType = folder.assetcatalog; path = "Preview Assets.xcassets"; sourceTree = "<group>"; };
		357419092C0E302C006E6E55 /* ScannerVC.swift */ = {isa = PBXFileReference; lastKnownFileType = sourcecode.swift; path = ScannerVC.swift; sourceTree = "<group>"; };
		3574190B2C0E37AB006E6E55 /* ScannerView.swift */ = {isa = PBXFileReference; lastKnownFileType = sourcecode.swift; path = ScannerView.swift; sourceTree = "<group>"; };
		3574190D2C0EC315006E6E55 /* Alert.swift */ = {isa = PBXFileReference; lastKnownFileType = sourcecode.swift; path = Alert.swift; sourceTree = "<group>"; };
		3574190F2C0EC3A8006E6E55 /* BarcodeScannerViewModel.swift */ = {isa = PBXFileReference; lastKnownFileType = sourcecode.swift; path = BarcodeScannerViewModel.swift; sourceTree = "<group>"; };
/* End PBXFileReference section */

/* Begin PBXFrameworksBuildPhase section */
		357418F52C0E2772006E6E55 /* Frameworks */ = {
			isa = PBXFrameworksBuildPhase;
			buildActionMask = 2147483647;
			files = (
			);
			runOnlyForDeploymentPostprocessing = 0;
		};
/* End PBXFrameworksBuildPhase section */

/* Begin PBXGroup section */
		35401B502C0ED7DD00C6E6CD /* Screens */ = {
			isa = PBXGroup;
			children = (
				357418FD2C0E2772006E6E55 /* BarcodeScannerView.swift */,
				3574190F2C0EC3A8006E6E55 /* BarcodeScannerViewModel.swift */,
			);
			path = Screens;
			sourceTree = "<group>";
		};
		35401B522C0ED80A00C6E6CD /* Views */ = {
			isa = PBXGroup;
			children = (
				35401B532C0ED84500C6E6CD /* UIKit Componentes */,
			);
			path = Views;
			sourceTree = "<group>";
		};
		35401B532C0ED84500C6E6CD /* UIKit Componentes */ = {
			isa = PBXGroup;
			children = (
				357419092C0E302C006E6E55 /* ScannerVC.swift */,
				3574190B2C0E37AB006E6E55 /* ScannerView.swift */,
			);
			path = "UIKit Componentes";
			sourceTree = "<group>";
		};
		35401B542C0ED88800C6E6CD /* Utilities */ = {
			isa = PBXGroup;
			children = (
				3574190D2C0EC315006E6E55 /* Alert.swift */,
			);
			path = Utilities;
			sourceTree = "<group>";
		};
		357418EF2C0E2772006E6E55 = {
			isa = PBXGroup;
			children = (
				357418FA2C0E2772006E6E55 /* BarCode-Scanner */,
				357418F92C0E2772006E6E55 /* Products */,
			);
			sourceTree = "<group>";
		};
		357418F92C0E2772006E6E55 /* Products */ = {
			isa = PBXGroup;
			children = (
				357418F82C0E2772006E6E55 /* BarCode-Scanner.app */,
			);
			name = Products;
			sourceTree = "<group>";
		};
		357418FA2C0E2772006E6E55 /* BarCode-Scanner */ = {
			isa = PBXGroup;
			children = (
				35401B542C0ED88800C6E6CD /* Utilities */,
				35401B522C0ED80A00C6E6CD /* Views */,
				35401B502C0ED7DD00C6E6CD /* Screens */,
				357418FB2C0E2772006E6E55 /* BarCode_ScannerApp.swift */,
				357418FF2C0E2774006E6E55 /* Assets.xcassets */,
				357419012C0E2774006E6E55 /* Preview Content */,
			);
			path = "BarCode-Scanner";
			sourceTree = "<group>";
		};
		357419012C0E2774006E6E55 /* Preview Content */ = {
			isa = PBXGroup;
			children = (
				357419022C0E2774006E6E55 /* Preview Assets.xcassets */,
			);
			path = "Preview Content";
			sourceTree = "<group>";
		};
/* End PBXGroup section */

/* Begin PBXNativeTarget section */
		357418F72C0E2772006E6E55 /* BarCode-Scanner */ = {
			isa = PBXNativeTarget;
			buildConfigurationList = 357419062C0E2774006E6E55 /* Build configuration list for PBXNativeTarget "BarCode-Scanner" */;
			buildPhases = (
				357418F42C0E2772006E6E55 /* Sources */,
				357418F52C0E2772006E6E55 /* Frameworks */,
				357418F62C0E2772006E6E55 /* Resources */,
			);
			buildRules = (
			);
			dependencies = (
			);
			name = "BarCode-Scanner";
			productName = "BarCode-Scanner";
			productReference = 357418F82C0E2772006E6E55 /* BarCode-Scanner.app */;
			productType = "com.apple.product-type.application";
		};
/* End PBXNativeTarget section */

/* Begin PBXProject section */
		357418F02C0E2772006E6E55 /* Project object */ = {
			isa = PBXProject;
			attributes = {
				BuildIndependentTargetsInParallel = 1;
				LastSwiftUpdateCheck = 1540;
				LastUpgradeCheck = 1540;
				TargetAttributes = {
					357418F72C0E2772006E6E55 = {
						CreatedOnToolsVersion = 15.4;
					};
				};
			};
			buildConfigurationList = 357418F32C0E2772006E6E55 /* Build configuration list for PBXProject "BarCode-Scanner" */;
			compatibilityVersion = "Xcode 14.0";
			developmentRegion = en;
			hasScannedForEncodings = 0;
			knownRegions = (
				en,
				Base,
			);
			mainGroup = 357418EF2C0E2772006E6E55;
			productRefGroup = 357418F92C0E2772006E6E55 /* Products */;
			projectDirPath = "";
			projectRoot = "";
			targets = (
				357418F72C0E2772006E6E55 /* BarCode-Scanner */,
			);
		};
/* End PBXProject section */

/* Begin PBXResourcesBuildPhase section */
		357418F62C0E2772006E6E55 /* Resources */ = {
			isa = PBXResourcesBuildPhase;
			buildActionMask = 2147483647;
			files = (
				357419032C0E2774006E6E55 /* Preview Assets.xcassets in Resources */,
				357419002C0E2774006E6E55 /* Assets.xcassets in Resources */,
			);
			runOnlyForDeploymentPostprocessing = 0;
		};
/* End PBXResourcesBuildPhase section */

/* Begin PBXSourcesBuildPhase section */
		357418F42C0E2772006E6E55 /* Sources */ = {
			isa = PBXSourcesBuildPhase;
			buildActionMask = 2147483647;
			files = (
				357419102C0EC3A8006E6E55 /* BarcodeScannerViewModel.swift in Sources */,
				3574190A2C0E302C006E6E55 /* ScannerVC.swift in Sources */,
				3574190C2C0E37AB006E6E55 /* ScannerView.swift in Sources */,
				357418FE2C0E2772006E6E55 /* BarcodeScannerView.swift in Sources */,
				3574190E2C0EC315006E6E55 /* Alert.swift in Sources */,
				357418FC2C0E2772006E6E55 /* BarCode_ScannerApp.swift in Sources */,
			);
			runOnlyForDeploymentPostprocessing = 0;
		};
/* End PBXSourcesBuildPhase section */

/* Begin XCBuildConfiguration section */
		357419042C0E2774006E6E55 /* Debug */ = {
			isa = XCBuildConfiguration;
			buildSettings = {
				ALWAYS_SEARCH_USER_PATHS = NO;
				ASSETCATALOG_COMPILER_GENERATE_SWIFT_ASSET_SYMBOL_EXTENSIONS = YES;
				CLANG_ANALYZER_NONNULL = YES;
				CLANG_ANALYZER_NUMBER_OBJECT_CONVERSION = YES_AGGRESSIVE;
				CLANG_CXX_LANGUAGE_STANDARD = "gnu++20";
				CLANG_ENABLE_MODULES = YES;
				CLANG_ENABLE_OBJC_ARC = YES;
				CLANG_ENABLE_OBJC_WEAK = YES;
				CLANG_WARN_BLOCK_CAPTURE_AUTORELEASING = YES;
				CLANG_WARN_BOOL_CONVERSION = YES;
				CLANG_WARN_COMMA = YES;
				CLANG_WARN_CONSTANT_CONVERSION = YES;
				CLANG_WARN_DEPRECATED_OBJC_IMPLEMENTATIONS = YES;
				CLANG_WARN_DIRECT_OBJC_ISA_USAGE = YES_ERROR;
				CLANG_WARN_DOCUMENTATION_COMMENTS = YES;
				CLANG_WARN_EMPTY_BODY = YES;
				CLANG_WARN_ENUM_CONVERSION = YES;
				CLANG_WARN_INFINITE_RECURSION = YES;
				CLANG_WARN_INT_CONVERSION = YES;
				CLANG_WARN_NON_LITERAL_NULL_CONVERSION = YES;
				CLANG_WARN_OBJC_IMPLICIT_RETAIN_SELF = YES;
				CLANG_WARN_OBJC_LITERAL_CONVERSION = YES;
				CLANG_WARN_OBJC_ROOT_CLASS = YES_ERROR;
				CLANG_WARN_QUOTED_INCLUDE_IN_FRAMEWORK_HEADER = YES;
				CLANG_WARN_RANGE_LOOP_ANALYSIS = YES;
				CLANG_WARN_STRICT_PROTOTYPES = YES;
				CLANG_WARN_SUSPICIOUS_MOVE = YES;
				CLANG_WARN_UNGUARDED_AVAILABILITY = YES_AGGRESSIVE;
				CLANG_WARN_UNREACHABLE_CODE = YES;
				CLANG_WARN__DUPLICATE_METHOD_MATCH = YES;
				COPY_PHASE_STRIP = NO;
				DEBUG_INFORMATION_FORMAT = dwarf;
				ENABLE_STRICT_OBJC_MSGSEND = YES;
				ENABLE_TESTABILITY = YES;
				ENABLE_USER_SCRIPT_SANDBOXING = YES;
				GCC_C_LANGUAGE_STANDARD = gnu17;
				GCC_DYNAMIC_NO_PIC = NO;
				GCC_NO_COMMON_BLOCKS = YES;
				GCC_OPTIMIZATION_LEVEL = 0;
				GCC_PREPROCESSOR_DEFINITIONS = (
					"DEBUG=1",
					"$(inherited)",
				);
				GCC_WARN_64_TO_32_BIT_CONVERSION = YES;
				GCC_WARN_ABOUT_RETURN_TYPE = YES_ERROR;
				GCC_WARN_UNDECLARED_SELECTOR = YES;
				GCC_WARN_UNINITIALIZED_AUTOS = YES_AGGRESSIVE;
				GCC_WARN_UNUSED_FUNCTION = YES;
				GCC_WARN_UNUSED_VARIABLE = YES;
				IPHONEOS_DEPLOYMENT_TARGET = 17.5;
				LOCALIZATION_PREFERS_STRING_CATALOGS = YES;
				MTL_ENABLE_DEBUG_INFO = INCLUDE_SOURCE;
				MTL_FAST_MATH = YES;
				ONLY_ACTIVE_ARCH = YES;
				SDKROOT = iphoneos;
				SWIFT_ACTIVE_COMPILATION_CONDITIONS = "DEBUG $(inherited)";
				SWIFT_OPTIMIZATION_LEVEL = "-Onone";
			};
			name = Debug;
		};
		357419052C0E2774006E6E55 /* Release */ = {
			isa = XCBuildConfiguration;
			buildSettings = {
				ALWAYS_SEARCH_USER_PATHS = NO;
				ASSETCATALOG_COMPILER_GENERATE_SWIFT_ASSET_SYMBOL_EXTENSIONS = YES;
				CLANG_ANALYZER_NONNULL = YES;
				CLANG_ANALYZER_NUMBER_OBJECT_CONVERSION = YES_AGGRESSIVE;
				CLANG_CXX_LANGUAGE_STANDARD = "gnu++20";
				CLANG_ENABLE_MODULES = YES;
				CLANG_ENABLE_OBJC_ARC = YES;
				CLANG_ENABLE_OBJC_WEAK = YES;
				CLANG_WARN_BLOCK_CAPTURE_AUTORELEASING = YES;
				CLANG_WARN_BOOL_CONVERSION = YES;
				CLANG_WARN_COMMA = YES;
				CLANG_WARN_CONSTANT_CONVERSION = YES;
				CLANG_WARN_DEPRECATED_OBJC_IMPLEMENTATIONS = YES;
				CLANG_WARN_DIRECT_OBJC_ISA_USAGE = YES_ERROR;
				CLANG_WARN_DOCUMENTATION_COMMENTS = YES;
				CLANG_WARN_EMPTY_BODY = YES;
				CLANG_WARN_ENUM_CONVERSION = YES;
				CLANG_WARN_INFINITE_RECURSION = YES;
				CLANG_WARN_INT_CONVERSION = YES;
				CLANG_WARN_NON_LITERAL_NULL_CONVERSION = YES;
				CLANG_WARN_OBJC_IMPLICIT_RETAIN_SELF = YES;
				CLANG_WARN_OBJC_LITERAL_CONVERSION = YES;
				CLANG_WARN_OBJC_ROOT_CLASS = YES_ERROR;
				CLANG_WARN_QUOTED_INCLUDE_IN_FRAMEWORK_HEADER = YES;
				CLANG_WARN_RANGE_LOOP_ANALYSIS = YES;
				CLANG_WARN_STRICT_PROTOTYPES = YES;
				CLANG_WARN_SUSPICIOUS_MOVE = YES;
				CLANG_WARN_UNGUARDED_AVAILABILITY = YES_AGGRESSIVE;
				CLANG_WARN_UNREACHABLE_CODE = YES;
				CLANG_WARN__DUPLICATE_METHOD_MATCH = YES;
				COPY_PHASE_STRIP = NO;
				DEBUG_INFORMATION_FORMAT = "dwarf-with-dsym";
				ENABLE_NS_ASSERTIONS = NO;
				ENABLE_STRICT_OBJC_MSGSEND = YES;
				ENABLE_USER_SCRIPT_SANDBOXING = YES;
				GCC_C_LANGUAGE_STANDARD = gnu17;
				GCC_NO_COMMON_BLOCKS = YES;
				GCC_WARN_64_TO_32_BIT_CONVERSION = YES;
				GCC_WARN_ABOUT_RETURN_TYPE = YES_ERROR;
				GCC_WARN_UNDECLARED_SELECTOR = YES;
				GCC_WARN_UNINITIALIZED_AUTOS = YES_AGGRESSIVE;
				GCC_WARN_UNUSED_FUNCTION = YES;
				GCC_WARN_UNUSED_VARIABLE = YES;
				IPHONEOS_DEPLOYMENT_TARGET = 17.5;
				LOCALIZATION_PREFERS_STRING_CATALOGS = YES;
				MTL_ENABLE_DEBUG_INFO = NO;
				MTL_FAST_MATH = YES;
				SDKROOT = iphoneos;
				SWIFT_COMPILATION_MODE = wholemodule;
				VALIDATE_PRODUCT = YES;
			};
			name = Release;
		};
		357419072C0E2774006E6E55 /* Debug */ = {
			isa = XCBuildConfiguration;
			buildSettings = {
				ASSETCATALOG_COMPILER_APPICON_NAME = AppIcon;
				ASSETCATALOG_COMPILER_GLOBAL_ACCENT_COLOR_NAME = AccentColor;
				CODE_SIGN_STYLE = Automatic;
				CURRENT_PROJECT_VERSION = 1;
				DEVELOPMENT_ASSET_PATHS = "\"BarCode-Scanner/Preview Content\"";
				DEVELOPMENT_TEAM = F2P4X5Y727;
				ENABLE_PREVIEWS = YES;
				GENERATE_INFOPLIST_FILE = YES;
				INFOPLIST_KEY_NSCameraUsageDescription = "We need to use the camera for scaning the barcode";
				INFOPLIST_KEY_UIApplicationSceneManifest_Generation = YES;
				INFOPLIST_KEY_UIApplicationSupportsIndirectInputEvents = YES;
				INFOPLIST_KEY_UILaunchScreen_Generation = YES;
				INFOPLIST_KEY_UISupportedInterfaceOrientations_iPad = "UIInterfaceOrientationPortrait UIInterfaceOrientationPortraitUpsideDown UIInterfaceOrientationLandscapeLeft UIInterfaceOrientationLandscapeRight";
				INFOPLIST_KEY_UISupportedInterfaceOrientations_iPhone = "UIInterfaceOrientationPortrait UIInterfaceOrientationLandscapeLeft UIInterfaceOrientationLandscapeRight";
				LD_RUNPATH_SEARCH_PATHS = (
					"$(inherited)",
					"@executable_path/Frameworks",
				);
				MARKETING_VERSION = 1.0;
				PRODUCT_BUNDLE_IDENTIFIER = com.barcode.scanner.swiftui;
				PRODUCT_NAME = "$(TARGET_NAME)";
				SWIFT_EMIT_LOC_STRINGS = YES;
				SWIFT_VERSION = 5.0;
				TARGETED_DEVICE_FAMILY = "1,2";
			};
			name = Debug;
		};
		357419082C0E2774006E6E55 /* Release */ = {
			isa = XCBuildConfiguration;
			buildSettings = {
				ASSETCATALOG_COMPILER_APPICON_NAME = AppIcon;
				ASSETCATALOG_COMPILER_GLOBAL_ACCENT_COLOR_NAME = AccentColor;
				CODE_SIGN_STYLE = Automatic;
				CURRENT_PROJECT_VERSION = 1;
				DEVELOPMENT_ASSET_PATHS = "\"BarCode-Scanner/Preview Content\"";
				DEVELOPMENT_TEAM = F2P4X5Y727;
				ENABLE_PREVIEWS = YES;
				GENERATE_INFOPLIST_FILE = YES;
				INFOPLIST_KEY_NSCameraUsageDescription = "We need to use the camera for scaning the barcode";
				INFOPLIST_KEY_UIApplicationSceneManifest_Generation = YES;
				INFOPLIST_KEY_UIApplicationSupportsIndirectInputEvents = YES;
				INFOPLIST_KEY_UILaunchScreen_Generation = YES;
				INFOPLIST_KEY_UISupportedInterfaceOrientations_iPad = "UIInterfaceOrientationPortrait UIInterfaceOrientationPortraitUpsideDown UIInterfaceOrientationLandscapeLeft UIInterfaceOrientationLandscapeRight";
				INFOPLIST_KEY_UISupportedInterfaceOrientations_iPhone = "UIInterfaceOrientationPortrait UIInterfaceOrientationLandscapeLeft UIInterfaceOrientationLandscapeRight";
				LD_RUNPATH_SEARCH_PATHS = (
					"$(inherited)",
					"@executable_path/Frameworks",
				);
				MARKETING_VERSION = 1.0;
				PRODUCT_BUNDLE_IDENTIFIER = com.barcode.scanner.swiftui;
				PRODUCT_NAME = "$(TARGET_NAME)";
				SWIFT_EMIT_LOC_STRINGS = YES;
				SWIFT_VERSION = 5.0;
				TARGETED_DEVICE_FAMILY = "1,2";
			};
			name = Release;
		};
/* End XCBuildConfiguration section */

/* Begin XCConfigurationList section */
		357418F32C0E2772006E6E55 /* Build configuration list for PBXProject "BarCode-Scanner" */ = {
			isa = XCConfigurationList;
			buildConfigurations = (
				357419042C0E2774006E6E55 /* Debug */,
				357419052C0E2774006E6E55 /* Release */,
			);
			defaultConfigurationIsVisible = 0;
			defaultConfigurationName = Release;
		};
		357419062C0E2774006E6E55 /* Build configuration list for PBXNativeTarget "BarCode-Scanner" */ = {
			isa = XCConfigurationList;
			buildConfigurations = (
				357419072C0E2774006E6E55 /* Debug */,
				357419082C0E2774006E6E55 /* Release */,
			);
			defaultConfigurationIsVisible = 0;
			defaultConfigurationName = Release;
		};
/* End XCConfigurationList section */
	};
	rootObject = 357418F02C0E2772006E6E55 /* Project object */;
}
